{
  "name": "protractor",
  "version": "1.0.0",
  "lockfileVersion": 1,
  "requires": true,
  "dependencies": {
    "jasmine-data-provider": {
      "version": "2.2.0",
      "resolved": "http://artifactory-prd.jbhunt.com/artifactory/api/npm/npm-repos/jasmine-data-provider/-/jasmine-data-provider-2.2.0.tgz",
      "integrity": "sha1-XwKbLF+82q+/pbkQymJ+rEjNu2Y="
    }
  }
}
